// !$*UTF8*$!
{
	archiveVersion = 1;
	classes = {
	};
	objectVersion = 50;
	objects = {

/* Begin PBXBuildFile section */
		D304EB8C2460795900C29983 /* AppDelegate.swift in Sources */ = {isa = PBXBuildFile; fileRef = D304EB8B2460795900C29983 /* AppDelegate.swift */; };
		D304EB8E2460795900C29983 /* SceneDelegate.swift in Sources */ = {isa = PBXBuildFile; fileRef = D304EB8D2460795900C29983 /* SceneDelegate.swift */; };
		D304EB932460795900C29983 /* Main.storyboard in Resources */ = {isa = PBXBuildFile; fileRef = D304EB912460795900C29983 /* Main.storyboard */; };
		D304EB952460795D00C29983 /* Assets.xcassets in Resources */ = {isa = PBXBuildFile; fileRef = D304EB942460795D00C29983 /* Assets.xcassets */; };
		D304EB982460795D00C29983 /* LaunchScreen.storyboard in Resources */ = {isa = PBXBuildFile; fileRef = D304EB962460795D00C29983 /* LaunchScreen.storyboard */; };
		D35553CC24615785006D9D88 /* VerifyViewController.swift in Sources */ = {isa = PBXBuildFile; fileRef = D35553CB24615785006D9D88 /* VerifyViewController.swift */; };
		D35553CE2461578E006D9D88 /* RegisterViewController.swift in Sources */ = {isa = PBXBuildFile; fileRef = D35553CD2461578E006D9D88 /* RegisterViewController.swift */; };
		D35553D924616040006D9D88 /* IRANSansMobile_Black.ttf in Resources */ = {isa = PBXBuildFile; fileRef = D35553D324616040006D9D88 /* IRANSansMobile_Black.ttf */; };
		D35553DA24616040006D9D88 /* IRANSansMobile_Medium.ttf in Resources */ = {isa = PBXBuildFile; fileRef = D35553D424616040006D9D88 /* IRANSansMobile_Medium.ttf */; };
		D35553DB24616040006D9D88 /* IRANSansMobile_Light.ttf in Resources */ = {isa = PBXBuildFile; fileRef = D35553D524616040006D9D88 /* IRANSansMobile_Light.ttf */; };
		D35553DC24616040006D9D88 /* IRANSansMobile_UltraLight.ttf in Resources */ = {isa = PBXBuildFile; fileRef = D35553D624616040006D9D88 /* IRANSansMobile_UltraLight.ttf */; };
		D35553DD24616040006D9D88 /* IRANSansMobile_Bold.ttf in Resources */ = {isa = PBXBuildFile; fileRef = D35553D724616040006D9D88 /* IRANSansMobile_Bold.ttf */; };
		D35553DE24616040006D9D88 /* IRANSansMobile.ttf in Resources */ = {isa = PBXBuildFile; fileRef = D35553D824616040006D9D88 /* IRANSansMobile.ttf */; };
/* End PBXBuildFile section */

/* Begin PBXFileReference section */
		D304EB882460795900C29983 /* ShahrYar.app */ = {isa = PBXFileReference; explicitFileType = wrapper.application; includeInIndex = 0; path = ShahrYar.app; sourceTree = BUILT_PRODUCTS_DIR; };
		D304EB8B2460795900C29983 /* AppDelegate.swift */ = {isa = PBXFileReference; lastKnownFileType = sourcecode.swift; path = AppDelegate.swift; sourceTree = "<group>"; };
		D304EB8D2460795900C29983 /* SceneDelegate.swift */ = {isa = PBXFileReference; lastKnownFileType = sourcecode.swift; path = SceneDelegate.swift; sourceTree = "<group>"; };
		D304EB922460795900C29983 /* Base */ = {isa = PBXFileReference; lastKnownFileType = file.storyboard; name = Base; path = Base.lproj/Main.storyboard; sourceTree = "<group>"; };
		D304EB942460795D00C29983 /* Assets.xcassets */ = {isa = PBXFileReference; lastKnownFileType = folder.assetcatalog; path = Assets.xcassets; sourceTree = "<group>"; };
		D304EB972460795D00C29983 /* Base */ = {isa = PBXFileReference; lastKnownFileType = file.storyboard; name = Base; path = Base.lproj/LaunchScreen.storyboard; sourceTree = "<group>"; };
		D304EB992460795D00C29983 /* Info.plist */ = {isa = PBXFileReference; lastKnownFileType = text.plist.xml; path = Info.plist; sourceTree = "<group>"; };
		D35553CB24615785006D9D88 /* VerifyViewController.swift */ = {isa = PBXFileReference; lastKnownFileType = sourcecode.swift; path = VerifyViewController.swift; sourceTree = "<group>"; };
		D35553CD2461578E006D9D88 /* RegisterViewController.swift */ = {isa = PBXFileReference; lastKnownFileType = sourcecode.swift; path = RegisterViewController.swift; sourceTree = "<group>"; };
		D35553D324616040006D9D88 /* IRANSansMobile_Black.ttf */ = {isa = PBXFileReference; lastKnownFileType = file; path = IRANSansMobile_Black.ttf; sourceTree = "<group>"; };
		D35553D424616040006D9D88 /* IRANSansMobile_Medium.ttf */ = {isa = PBXFileReference; lastKnownFileType = file; path = IRANSansMobile_Medium.ttf; sourceTree = "<group>"; };
		D35553D524616040006D9D88 /* IRANSansMobile_Light.ttf */ = {isa = PBXFileReference; lastKnownFileType = file; path = IRANSansMobile_Light.ttf; sourceTree = "<group>"; };
		D35553D624616040006D9D88 /* IRANSansMobile_UltraLight.ttf */ = {isa = PBXFileReference; lastKnownFileType = file; path = IRANSansMobile_UltraLight.ttf; sourceTree = "<group>"; };
		D35553D724616040006D9D88 /* IRANSansMobile_Bold.ttf */ = {isa = PBXFileReference; lastKnownFileType = file; path = IRANSansMobile_Bold.ttf; sourceTree = "<group>"; };
		D35553D824616040006D9D88 /* IRANSansMobile.ttf */ = {isa = PBXFileReference; lastKnownFileType = file; path = IRANSansMobile.ttf; sourceTree = "<group>"; };
/* End PBXFileReference section */

/* Begin PBXFrameworksBuildPhase section */
		D304EB852460795900C29983 /* Frameworks */ = {
			isa = PBXFrameworksBuildPhase;
			buildActionMask = 2147483647;
			files = (
			);
			runOnlyForDeploymentPostprocessing = 0;
		};
/* End PBXFrameworksBuildPhase section */

/* Begin PBXGroup section */
		D304EB7F2460795900C29983 = {
			isa = PBXGroup;
			children = (
				D304EB8A2460795900C29983 /* ShahrYar */,
				D304EB892460795900C29983 /* Products */,
			);
			sourceTree = "<group>";
		};
		D304EB892460795900C29983 /* Products */ = {
			isa = PBXGroup;
			children = (
				D304EB882460795900C29983 /* ShahrYar.app */,
			);
			name = Products;
			sourceTree = "<group>";
		};
		D304EB8A2460795900C29983 /* ShahrYar */ = {
			isa = PBXGroup;
			children = (
				D35553C7246155FF006D9D88 /* Model */,
				D35553C6246155FA006D9D88 /* View */,
				D35553C5246155F0006D9D88 /* Controller */,
				D35553CF246157DA006D9D88 /* Resources */,
				D304EB8B2460795900C29983 /* AppDelegate.swift */,
				D304EB8D2460795900C29983 /* SceneDelegate.swift */,
				D304EB962460795D00C29983 /* LaunchScreen.storyboard */,
				D304EB992460795D00C29983 /* Info.plist */,
			);
			path = ShahrYar;
			sourceTree = "<group>";
		};
		D35553C5246155F0006D9D88 /* Controller */ = {
			isa = PBXGroup;
			children = (
				D35553C8246156EC006D9D88 /* Login */,
			);
			path = Controller;
			sourceTree = "<group>";
		};
		D35553C6246155FA006D9D88 /* View */ = {
			isa = PBXGroup;
			children = (
				D304EB912460795900C29983 /* Main.storyboard */,
			);
			path = View;
			sourceTree = "<group>";
		};
		D35553C7246155FF006D9D88 /* Model */ = {
			isa = PBXGroup;
			children = (
			);
			path = Model;
			sourceTree = "<group>";
		};
		D35553C8246156EC006D9D88 /* Login */ = {
			isa = PBXGroup;
			children = (
				D35553C9246156F4006D9D88 /* Verify */,
				D35553CA246156FE006D9D88 /* Register */,
			);
			path = Login;
			sourceTree = "<group>";
		};
		D35553C9246156F4006D9D88 /* Verify */ = {
			isa = PBXGroup;
			children = (
				D35553CB24615785006D9D88 /* VerifyViewController.swift */,
			);
			path = Verify;
			sourceTree = "<group>";
		};
		D35553CA246156FE006D9D88 /* Register */ = {
			isa = PBXGroup;
			children = (
				D35553CD2461578E006D9D88 /* RegisterViewController.swift */,
			);
			path = Register;
			sourceTree = "<group>";
		};
		D35553CF246157DA006D9D88 /* Resources */ = {
			isa = PBXGroup;
			children = (
				D35553D0246157E5006D9D88 /* Photos */,
				D35553D124616012006D9D88 /* Fonts */,
			);
			path = Resources;
			sourceTree = "<group>";
		};
		D35553D0246157E5006D9D88 /* Photos */ = {
			isa = PBXGroup;
			children = (
				D304EB942460795D00C29983 /* Assets.xcassets */,
			);
			path = Photos;
			sourceTree = "<group>";
		};
		D35553D124616012006D9D88 /* Fonts */ = {
			isa = PBXGroup;
			children = (
				D35553D224616033006D9D88 /* IRANSansMobile */,
			);
			path = Fonts;
			sourceTree = "<group>";
		};
		D35553D224616033006D9D88 /* IRANSansMobile */ = {
			isa = PBXGroup;
			children = (
				D35553D324616040006D9D88 /* IRANSansMobile_Black.ttf */,
				D35553D724616040006D9D88 /* IRANSansMobile_Bold.ttf */,
				D35553D524616040006D9D88 /* IRANSansMobile_Light.ttf */,
				D35553D424616040006D9D88 /* IRANSansMobile_Medium.ttf */,
				D35553D624616040006D9D88 /* IRANSansMobile_UltraLight.ttf */,
				D35553D824616040006D9D88 /* IRANSansMobile.ttf */,
			);
			path = IRANSansMobile;
			sourceTree = "<group>";
		};
/* End PBXGroup section */

/* Begin PBXNativeTarget section */
		D304EB872460795900C29983 /* ShahrYar */ = {
			isa = PBXNativeTarget;
			buildConfigurationList = D304EB9C2460795D00C29983 /* Build configuration list for PBXNativeTarget "ShahrYar" */;
			buildPhases = (
				D304EB842460795900C29983 /* Sources */,
				D304EB852460795900C29983 /* Frameworks */,
				D304EB862460795900C29983 /* Resources */,
			);
			buildRules = (
			);
			dependencies = (
			);
			name = ShahrYar;
			productName = ShahrYar;
			productReference = D304EB882460795900C29983 /* ShahrYar.app */;
			productType = "com.apple.product-type.application";
		};
/* End PBXNativeTarget section */

/* Begin PBXProject section */
		D304EB802460795900C29983 /* Project object */ = {
			isa = PBXProject;
			attributes = {
				LastSwiftUpdateCheck = 1140;
				LastUpgradeCheck = 1140;
				ORGANIZATIONNAME = "Sina Rabiei";
				TargetAttributes = {
					D304EB872460795900C29983 = {
						CreatedOnToolsVersion = 11.4.1;
					};
				};
			};
			buildConfigurationList = D304EB832460795900C29983 /* Build configuration list for PBXProject "ShahrYar" */;
			compatibilityVersion = "Xcode 9.3";
			developmentRegion = en;
			hasScannedForEncodings = 0;
			knownRegions = (
				en,
				Base,
			);
			mainGroup = D304EB7F2460795900C29983;
			productRefGroup = D304EB892460795900C29983 /* Products */;
			projectDirPath = "";
			projectRoot = "";
			targets = (
				D304EB872460795900C29983 /* ShahrYar */,
			);
		};
/* End PBXProject section */

/* Begin PBXResourcesBuildPhase section */
		D304EB862460795900C29983 /* Resources */ = {
			isa = PBXResourcesBuildPhase;
			buildActionMask = 2147483647;
			files = (
				D35553DB24616040006D9D88 /* IRANSansMobile_Light.ttf in Resources */,
				D35553DC24616040006D9D88 /* IRANSansMobile_UltraLight.ttf in Resources */,
				D35553DD24616040006D9D88 /* IRANSansMobile_Bold.ttf in Resources */,
				D304EB982460795D00C29983 /* LaunchScreen.storyboard in Resources */,
				D304EB952460795D00C29983 /* Assets.xcassets in Resources */,
				D304EB932460795900C29983 /* Main.storyboard in Resources */,
				D35553DA24616040006D9D88 /* IRANSansMobile_Medium.ttf in Resources */,
				D35553D924616040006D9D88 /* IRANSansMobile_Black.ttf in Resources */,
				D35553DE24616040006D9D88 /* IRANSansMobile.ttf in Resources */,
			);
			runOnlyForDeploymentPostprocessing = 0;
		};
/* End PBXResourcesBuildPhase section */

/* Begin PBXSourcesBuildPhase section */
		D304EB842460795900C29983 /* Sources */ = {
			isa = PBXSourcesBuildPhase;
			buildActionMask = 2147483647;
			files = (
				D35553CC24615785006D9D88 /* VerifyViewController.swift in Sources */,
				D304EB8C2460795900C29983 /* AppDelegate.swift in Sources */,
				D304EB8E2460795900C29983 /* SceneDelegate.swift in Sources */,
				D35553CE2461578E006D9D88 /* RegisterViewController.swift in Sources */,
			);
			runOnlyForDeploymentPostprocessing = 0;
		};
/* End PBXSourcesBuildPhase section */

/* Begin PBXVariantGroup section */
		D304EB912460795900C29983 /* Main.storyboard */ = {
			isa = PBXVariantGroup;
			children = (
				D304EB922460795900C29983 /* Base */,
			);
			name = Main.storyboard;
			sourceTree = "<group>";
		};
		D304EB962460795D00C29983 /* LaunchScreen.storyboard */ = {
			isa = PBXVariantGroup;
			children = (
				D304EB972460795D00C29983 /* Base */,
			);
			name = LaunchScreen.storyboard;
			sourceTree = "<group>";
		};
/* End PBXVariantGroup section */

/* Begin XCBuildConfiguration section */
		D304EB9A2460795D00C29983 /* Debug */ = {
			isa = XCBuildConfiguration;
			buildSettings = {
				ALWAYS_SEARCH_USER_PATHS = NO;
				CLANG_ANALYZER_NONNULL = YES;
				CLANG_ANALYZER_NUMBER_OBJECT_CONVERSION = YES_AGGRESSIVE;
				CLANG_CXX_LANGUAGE_STANDARD = "gnu++14";
				CLANG_CXX_LIBRARY = "libc++";
				CLANG_ENABLE_MODULES = YES;
				CLANG_ENABLE_OBJC_ARC = YES;
				CLANG_ENABLE_OBJC_WEAK = YES;
				CLANG_WARN_BLOCK_CAPTURE_AUTORELEASING = YES;
				CLANG_WARN_BOOL_CONVERSION = YES;
				CLANG_WARN_COMMA = YES;
				CLANG_WARN_CONSTANT_CONVERSION = YES;
				CLANG_WARN_DEPRECATED_OBJC_IMPLEMENTATIONS = YES;
				CLANG_WARN_DIRECT_OBJC_ISA_USAGE = YES_ERROR;
				CLANG_WARN_DOCUMENTATION_COMMENTS = YES;
				CLANG_WARN_EMPTY_BODY = YES;
				CLANG_WARN_ENUM_CONVERSION = YES;
				CLANG_WARN_INFINITE_RECURSION = YES;
				CLANG_WARN_INT_CONVERSION = YES;
				CLANG_WARN_NON_LITERAL_NULL_CONVERSION = YES;
				CLANG_WARN_OBJC_IMPLICIT_RETAIN_SELF = YES;
				CLANG_WARN_OBJC_LITERAL_CONVERSION = YES;
				CLANG_WARN_OBJC_ROOT_CLASS = YES_ERROR;
				CLANG_WARN_RANGE_LOOP_ANALYSIS = YES;
				CLANG_WARN_STRICT_PROTOTYPES = YES;
				CLANG_WARN_SUSPICIOUS_MOVE = YES;
				CLANG_WARN_UNGUARDED_AVAILABILITY = YES_AGGRESSIVE;
				CLANG_WARN_UNREACHABLE_CODE = YES;
				CLANG_WARN__DUPLICATE_METHOD_MATCH = YES;
				COPY_PHASE_STRIP = NO;
				DEBUG_INFORMATION_FORMAT = dwarf;
				ENABLE_STRICT_OBJC_MSGSEND = YES;
				ENABLE_TESTABILITY = YES;
				GCC_C_LANGUAGE_STANDARD = gnu11;
				GCC_DYNAMIC_NO_PIC = NO;
				GCC_NO_COMMON_BLOCKS = YES;
				GCC_OPTIMIZATION_LEVEL = 0;
				GCC_PREPROCESSOR_DEFINITIONS = (
					"DEBUG=1",
					"$(inherited)",
				);
				GCC_WARN_64_TO_32_BIT_CONVERSION = YES;
				GCC_WARN_ABOUT_RETURN_TYPE = YES_ERROR;
				GCC_WARN_UNDECLARED_SELECTOR = YES;
				GCC_WARN_UNINITIALIZED_AUTOS = YES_AGGRESSIVE;
				GCC_WARN_UNUSED_FUNCTION = YES;
				GCC_WARN_UNUSED_VARIABLE = YES;
				IPHONEOS_DEPLOYMENT_TARGET = 13.4;
				MTL_ENABLE_DEBUG_INFO = INCLUDE_SOURCE;
				MTL_FAST_MATH = YES;
				ONLY_ACTIVE_ARCH = YES;
				SDKROOT = iphoneos;
				SWIFT_ACTIVE_COMPILATION_CONDITIONS = DEBUG;
				SWIFT_OPTIMIZATION_LEVEL = "-Onone";
			};
			name = Debug;
		};
		D304EB9B2460795D00C29983 /* Release */ = {
			isa = XCBuildConfiguration;
			buildSettings = {
				ALWAYS_SEARCH_USER_PATHS = NO;
				CLANG_ANALYZER_NONNULL = YES;
				CLANG_ANALYZER_NUMBER_OBJECT_CONVERSION = YES_AGGRESSIVE;
				CLANG_CXX_LANGUAGE_STANDARD = "gnu++14";
				CLANG_CXX_LIBRARY = "libc++";
				CLANG_ENABLE_MODULES = YES;
				CLANG_ENABLE_OBJC_ARC = YES;
				CLANG_ENABLE_OBJC_WEAK = YES;
				CLANG_WARN_BLOCK_CAPTURE_AUTORELEASING = YES;
				CLANG_WARN_BOOL_CONVERSION = YES;
				CLANG_WARN_COMMA = YES;
				CLANG_WARN_CONSTANT_CONVERSION = YES;
				CLANG_WARN_DEPRECATED_OBJC_IMPLEMENTATIONS = YES;
				CLANG_WARN_DIRECT_OBJC_ISA_USAGE = YES_ERROR;
				CLANG_WARN_DOCUMENTATION_COMMENTS = YES;
				CLANG_WARN_EMPTY_BODY = YES;
				CLANG_WARN_ENUM_CONVERSION = YES;
				CLANG_WARN_INFINITE_RECURSION = YES;
				CLANG_WARN_INT_CONVERSION = YES;
				CLANG_WARN_NON_LITERAL_NULL_CONVERSION = YES;
				CLANG_WARN_OBJC_IMPLICIT_RETAIN_SELF = YES;
				CLANG_WARN_OBJC_LITERAL_CONVERSION = YES;
				CLANG_WARN_OBJC_ROOT_CLASS = YES_ERROR;
				CLANG_WARN_RANGE_LOOP_ANALYSIS = YES;
				CLANG_WARN_STRICT_PROTOTYPES = YES;
				CLANG_WARN_SUSPICIOUS_MOVE = YES;
				CLANG_WARN_UNGUARDED_AVAILABILITY = YES_AGGRESSIVE;
				CLANG_WARN_UNREACHABLE_CODE = YES;
				CLANG_WARN__DUPLICATE_METHOD_MATCH = YES;
				COPY_PHASE_STRIP = NO;
				DEBUG_INFORMATION_FORMAT = "dwarf-with-dsym";
				ENABLE_NS_ASSERTIONS = NO;
				ENABLE_STRICT_OBJC_MSGSEND = YES;
				GCC_C_LANGUAGE_STANDARD = gnu11;
				GCC_NO_COMMON_BLOCKS = YES;
				GCC_WARN_64_TO_32_BIT_CONVERSION = YES;
				GCC_WARN_ABOUT_RETURN_TYPE = YES_ERROR;
				GCC_WARN_UNDECLARED_SELECTOR = YES;
				GCC_WARN_UNINITIALIZED_AUTOS = YES_AGGRESSIVE;
				GCC_WARN_UNUSED_FUNCTION = YES;
				GCC_WARN_UNUSED_VARIABLE = YES;
				IPHONEOS_DEPLOYMENT_TARGET = 13.4;
				MTL_ENABLE_DEBUG_INFO = NO;
				MTL_FAST_MATH = YES;
				SDKROOT = iphoneos;
				SWIFT_COMPILATION_MODE = wholemodule;
				SWIFT_OPTIMIZATION_LEVEL = "-O";
				VALIDATE_PRODUCT = YES;
			};
			name = Release;
		};
		D304EB9D2460795D00C29983 /* Debug */ = {
			isa = XCBuildConfiguration;
			buildSettings = {
				ASSETCATALOG_COMPILER_APPICON_NAME = AppIcon;
				CODE_SIGN_STYLE = Automatic;
				CURRENT_PROJECT_VERSION = 3;
				DEVELOPMENT_TEAM = LA66LW5978;
				INFOPLIST_FILE = ShahrYar/Info.plist;
				IPHONEOS_DEPLOYMENT_TARGET = 11.0;
				LD_RUNPATH_SEARCH_PATHS = (
					"$(inherited)",
					"@executable_path/Frameworks",
				);
				PRODUCT_BUNDLE_IDENTIFIER = com.sinarabiei.shahryar;
				PRODUCT_NAME = "$(TARGET_NAME)";
				SWIFT_VERSION = 5.0;
				TARGETED_DEVICE_FAMILY = "1,2";
			};
			name = Debug;
		};
		D304EB9E2460795D00C29983 /* Release */ = {
			isa = XCBuildConfiguration;
			buildSettings = {
				ASSETCATALOG_COMPILER_APPICON_NAME = AppIcon;
				CODE_SIGN_STYLE = Automatic;
				CURRENT_PROJECT_VERSION = 3;
				DEVELOPMENT_TEAM = LA66LW5978;
				INFOPLIST_FILE = ShahrYar/Info.plist;
				IPHONEOS_DEPLOYMENT_TARGET = 11.0;
				LD_RUNPATH_SEARCH_PATHS = (
					"$(inherited)",
					"@executable_path/Frameworks",
				);
				PRODUCT_BUNDLE_IDENTIFIER = com.sinarabiei.shahryar;
				PRODUCT_NAME = "$(TARGET_NAME)";
				SWIFT_VERSION = 5.0;
				TARGETED_DEVICE_FAMILY = "1,2";
			};
			name = Release;
		};
/* End XCBuildConfiguration section */

/* Begin XCConfigurationList section */
		D304EB832460795900C29983 /* Build configuration list for PBXProject "ShahrYar" */ = {
			isa = XCConfigurationList;
			buildConfigurations = (
				D304EB9A2460795D00C29983 /* Debug */,
				D304EB9B2460795D00C29983 /* Release */,
			);
			defaultConfigurationIsVisible = 0;
			defaultConfigurationName = Release;
		};
		D304EB9C2460795D00C29983 /* Build configuration list for PBXNativeTarget "ShahrYar" */ = {
			isa = XCConfigurationList;
			buildConfigurations = (
				D304EB9D2460795D00C29983 /* Debug */,
				D304EB9E2460795D00C29983 /* Release */,
			);
			defaultConfigurationIsVisible = 0;
			defaultConfigurationName = Release;
		};
/* End XCConfigurationList section */
	};
	rootObject = D304EB802460795900C29983 /* Project object */;
}
